
Microsoft Visual Studio Solution File, Format Version 12.00
# Visual Studio Version 17
VisualStudioVersion = 17.14.36623.8 d17.14
MinimumVisualStudioVersion = 10.0.40219.1
Project("{FAE04EC0-301F-11D3-BF4B-00C04F79EFBC}") = "Clinic-CRM", "Clinic-CRM.csproj", "{CAA0566B-10D0-4F5F-A68D-58B5F18B78F8}"
EndProject
Global
	GlobalSection(SolutionConfigurationPlatforms) = preSolution
		Debug|Any CPU = Debug|Any CPU
		Release|Any CPU = Release|Any CPU
	EndGlobalSection
	GlobalSection(ProjectConfigurationPlatforms) = postSolution
		{CAA0566B-10D0-4F5F-A68D-58B5F18B78F8}.Debug|Any CPU.ActiveCfg = Debug|Any CPU
		{CAA0566B-10D0-4F5F-A68D-58B5F18B78F8}.Debug|Any CPU.Build.0 = Debug|Any CPU
		{CAA0566B-10D0-4F5F-A68D-58B5F18B78F8}.Release|Any CPU.ActiveCfg = Release|Any CPU
		{CAA0566B-10D0-4F5F-A68D-58B5F18B78F8}.Release|Any CPU.Build.0 = Release|Any CPU
	EndGlobalSection
	GlobalSection(SolutionProperties) = preSolution
		HideSolutionNode = FALSE
	EndGlobalSection
	GlobalSection(ExtensibilityGlobals) = postSolution
		SolutionGuid = {6AF7D6CE-BF46-475C-AF06-85AE2076E893}
	EndGlobalSection
EndGlobal
